
Microsoft Visual Studio Solution File, Format Version 12.00
# Visual Studio Version 17
VisualStudioVersion = 17.9.34728.123
MinimumVisualStudioVersion = 10.0.40219.1
Project("{FAE04EC0-301F-11D3-BF4B-00C04F79EFBC}") = "BankCMS.", "..\BankCMS\BankCMS\BankCMS..csproj", "{9D1D4C69-EE9D-41D6-9D2E-737619070D23}"
EndProject
Global
	GlobalSection(SolutionConfigurationPlatforms) = preSolution
		Debug|Any CPU = Debug|Any CPU
		Release|Any CPU = Release|Any CPU
	EndGlobalSection
	GlobalSection(ProjectConfigurationPlatforms) = postSolution
		{9D1D4C69-EE9D-41D6-9D2E-737619070D23}.Debug|Any CPU.ActiveCfg = Debug|Any CPU
		{9D1D4C69-EE9D-41D6-9D2E-737619070D23}.Debug|Any CPU.Build.0 = Debug|Any CPU
		{9D1D4C69-EE9D-41D6-9D2E-737619070D23}.Release|Any CPU.ActiveCfg = Release|Any CPU
		{9D1D4C69-EE9D-41D6-9D2E-737619070D23}.Release|Any CPU.Build.0 = Release|Any CPU
	EndGlobalSection
	GlobalSection(SolutionProperties) = preSolution
		HideSolutionNode = FALSE
	EndGlobalSection
	GlobalSection(ExtensibilityGlobals) = postSolution
		SolutionGuid = {CD2049BC-D6A8-40FD-90A4-F819986D86B7}
	EndGlobalSection
EndGlobal
